
Microsoft Visual Studio Solution File, Format Version 12.00
# Visual Studio 15
VisualStudioVersion = 15.0.27428.2037
MinimumVisualStudioVersion = 10.0.40219.1
Project("{FAE04EC0-301F-11D3-BF4B-00C04F79EFBC}") = "CR2W", "CR2W\CR2W.csproj", "{A7835A9F-395A-4147-A921-EF4F9311B75B}"
EndProject
Project("{FAE04EC0-301F-11D3-BF4B-00C04F79EFBC}") = "CR2WConsole", "CR2WConsole\CR2WConsole.csproj", "{B8A52A7D-2491-49D9-8EDB-8D5DE7DF9C38}"
EndProject
Global
	GlobalSection(SolutionConfigurationPlatforms) = preSolution
		Debug|Any CPU = Debug|Any CPU
		Release|Any CPU = Release|Any CPU
	EndGlobalSection
	GlobalSection(ProjectConfigurationPlatforms) = postSolution
		{A7835A9F-395A-4147-A921-EF4F9311B75B}.Debug|Any CPU.ActiveCfg = Debug|Any CPU
		{A7835A9F-395A-4147-A921-EF4F9311B75B}.Debug|Any CPU.Build.0 = Debug|Any CPU
		{A7835A9F-395A-4147-A921-EF4F9311B75B}.Release|Any CPU.ActiveCfg = Release|Any CPU
		{A7835A9F-395A-4147-A921-EF4F9311B75B}.Release|Any CPU.Build.0 = Release|Any CPU
		{B8A52A7D-2491-49D9-8EDB-8D5DE7DF9C38}.Debug|Any CPU.ActiveCfg = Debug|Any CPU
		{B8A52A7D-2491-49D9-8EDB-8D5DE7DF9C38}.Debug|Any CPU.Build.0 = Debug|Any CPU
		{B8A52A7D-2491-49D9-8EDB-8D5DE7DF9C38}.Release|Any CPU.ActiveCfg = Release|Any CPU
		{B8A52A7D-2491-49D9-8EDB-8D5DE7DF9C38}.Release|Any CPU.Build.0 = Release|Any CPU
	EndGlobalSection
	GlobalSection(SolutionProperties) = preSolution
		HideSolutionNode = FALSE
	EndGlobalSection
	GlobalSection(ExtensibilityGlobals) = postSolution
		SolutionGuid = {5FBEB7A9-062B-4F36-8159-79A3B8AC5890}
	EndGlobalSection
EndGlobal
